
Microsoft Visual Studio Solution File, Format Version 12.00
# Visual Studio Version 17
VisualStudioVersion = 17.5.002.0
MinimumVisualStudioVersion = 10.0.40219.1
Project("{9A19103F-16F7-4668-BE54-9A1E7A4F7556}") = "fabric-deployment-hub", "fabric-deployment-hub.csproj", "{A48DF422-81BB-4282-B8A1-09EBC74239B3}"
EndProject
Global
	GlobalSection(SolutionConfigurationPlatforms) = preSolution
		Debug|Any CPU = Debug|Any CPU
		Release|Any CPU = Release|Any CPU
	EndGlobalSection
	GlobalSection(ProjectConfigurationPlatforms) = postSolution
		{A48DF422-81BB-4282-B8A1-09EBC74239B3}.Debug|Any CPU.ActiveCfg = Debug|Any CPU
		{A48DF422-81BB-4282-B8A1-09EBC74239B3}.Debug|Any CPU.Build.0 = Debug|Any CPU
		{A48DF422-81BB-4282-B8A1-09EBC74239B3}.Release|Any CPU.ActiveCfg = Release|Any CPU
		{A48DF422-81BB-4282-B8A1-09EBC74239B3}.Release|Any CPU.Build.0 = Release|Any CPU
	EndGlobalSection
	GlobalSection(SolutionProperties) = preSolution
		HideSolutionNode = FALSE
	EndGlobalSection
	GlobalSection(ExtensibilityGlobals) = postSolution
		SolutionGuid = {53D5F2B2-ECBD-44A0-975A-F7B5372BDB7A}
	EndGlobalSection
EndGlobal
